// !$*UTF8*$!
{
	archiveVersion = 1;
	classes = {
	};
	objectVersion = 46;
	objects = {

/* Begin PBXBuildFile section */
		1BA031521C89422A0099D61C /* AppDelegate.swift in Sources */ = {isa = PBXBuildFile; fileRef = 1BA031511C89422A0099D61C /* AppDelegate.swift */; };
		1BA031541C89422A0099D61C /* ViewController.swift in Sources */ = {isa = PBXBuildFile; fileRef = 1BA031531C89422A0099D61C /* ViewController.swift */; };
		1BA031571C89422A0099D61C /* Main.storyboard in Resources */ = {isa = PBXBuildFile; fileRef = 1BA031551C89422A0099D61C /* Main.storyboard */; };
		1BA031591C89422A0099D61C /* Assets.xcassets in Resources */ = {isa = PBXBuildFile; fileRef = 1BA031581C89422A0099D61C /* Assets.xcassets */; };
		1BA0315C1C89422A0099D61C /* LaunchScreen.storyboard in Resources */ = {isa = PBXBuildFile; fileRef = 1BA0315A1C89422A0099D61C /* LaunchScreen.storyboard */; };
		1BE359921C895025001925A0 /* DetailVC.swift in Sources */ = {isa = PBXBuildFile; fileRef = 1BE359911C895025001925A0 /* DetailVC.swift */; };
/* End PBXBuildFile section */

/* Begin PBXFileReference section */
		1BA0314E1C89422A0099D61C /* favorite-place.app */ = {isa = PBXFileReference; explicitFileType = wrapper.application; includeInIndex = 0; path = "favorite-place.app"; sourceTree = BUILT_PRODUCTS_DIR; };
		1BA031511C89422A0099D61C /* AppDelegate.swift */ = {isa = PBXFileReference; lastKnownFileType = sourcecode.swift; path = AppDelegate.swift; sourceTree = "<group>"; };
		1BA031531C89422A0099D61C /* ViewController.swift */ = {isa = PBXFileReference; lastKnownFileType = sourcecode.swift; path = ViewController.swift; sourceTree = "<group>"; };
		1BA031561C89422A0099D61C /* Base */ = {isa = PBXFileReference; lastKnownFileType = file.storyboard; name = Base; path = Base.lproj/Main.storyboard; sourceTree = "<group>"; };
		1BA031581C89422A0099D61C /* Assets.xcassets */ = {isa = PBXFileReference; lastKnownFileType = folder.assetcatalog; path = Assets.xcassets; sourceTree = "<group>"; };
		1BA0315B1C89422A0099D61C /* Base */ = {isa = PBXFileReference; lastKnownFileType = file.storyboard; name = Base; path = Base.lproj/LaunchScreen.storyboard; sourceTree = "<group>"; };
		1BA0315D1C89422A0099D61C /* Info.plist */ = {isa = PBXFileReference; lastKnownFileType = text.plist.xml; path = Info.plist; sourceTree = "<group>"; };
		1BE359911C895025001925A0 /* DetailVC.swift */ = {isa = PBXFileReference; fileEncoding = 4; lastKnownFileType = sourcecode.swift; path = DetailVC.swift; sourceTree = "<group>"; };
/* End PBXFileReference section */

/* Begin PBXFrameworksBuildPhase section */
		1BA0314B1C89422A0099D61C /* Frameworks */ = {
			isa = PBXFrameworksBuildPhase;
			buildActionMask = 2147483647;
			files = (
			);
			runOnlyForDeploymentPostprocessing = 0;
		};
/* End PBXFrameworksBuildPhase section */

/* Begin PBXGroup section */
		1BA031451C8942290099D61C = {
			isa = PBXGroup;
			children = (
				1BA031501C89422A0099D61C /* favorite-place */,
				1BA0314F1C89422A0099D61C /* Products */,
			);
			sourceTree = "<group>";
		};
		1BA0314F1C89422A0099D61C /* Products */ = {
			isa = PBXGroup;
			children = (
				1BA0314E1C89422A0099D61C /* favorite-place.app */,
			);
			name = Products;
			sourceTree = "<group>";
		};
		1BA031501C89422A0099D61C /* favorite-place */ = {
			isa = PBXGroup;
			children = (
				1BA031511C89422A0099D61C /* AppDelegate.swift */,
				1BA031531C89422A0099D61C /* ViewController.swift */,
				1BA031551C89422A0099D61C /* Main.storyboard */,
				1BA031581C89422A0099D61C /* Assets.xcassets */,
				1BA0315A1C89422A0099D61C /* LaunchScreen.storyboard */,
				1BA0315D1C89422A0099D61C /* Info.plist */,
				1BE359911C895025001925A0 /* DetailVC.swift */,
			);
			path = "favorite-place";
			sourceTree = "<group>";
		};
/* End PBXGroup section */

/* Begin PBXNativeTarget section */
		1BA0314D1C89422A0099D61C /* favorite-place */ = {
			isa = PBXNativeTarget;
			buildConfigurationList = 1BA031601C89422A0099D61C /* Build configuration list for PBXNativeTarget "favorite-place" */;
			buildPhases = (
				1BA0314A1C89422A0099D61C /* Sources */,
				1BA0314B1C89422A0099D61C /* Frameworks */,
				1BA0314C1C89422A0099D61C /* Resources */,
			);
			buildRules = (
			);
			dependencies = (
			);
			name = "favorite-place";
			productName = "favorite-place";
			productReference = 1BA0314E1C89422A0099D61C /* favorite-place.app */;
			productType = "com.apple.product-type.application";
		};
/* End PBXNativeTarget section */

/* Begin PBXProject section */
		1BA031461C8942290099D61C /* Project object */ = {
			isa = PBXProject;
			attributes = {
				LastSwiftUpdateCheck = 0720;
				LastUpgradeCheck = 0720;
				ORGANIZATIONNAME = "Zu Yao";
				TargetAttributes = {
					1BA0314D1C89422A0099D61C = {
						CreatedOnToolsVersion = 7.2.1;
					};
				};
			};
			buildConfigurationList = 1BA031491C8942290099D61C /* Build configuration list for PBXProject "favorite-place" */;
			compatibilityVersion = "Xcode 3.2";
			developmentRegion = English;
			hasScannedForEncodings = 0;
			knownRegions = (
				en,
				Base,
			);
			mainGroup = 1BA031451C8942290099D61C;
			productRefGroup = 1BA0314F1C89422A0099D61C /* Products */;
			projectDirPath = "";
			projectRoot = "";
			targets = (
				1BA0314D1C89422A0099D61C /* favorite-place */,
			);
		};
/* End PBXProject section */

/* Begin PBXResourcesBuildPhase section */
		1BA0314C1C89422A0099D61C /* Resources */ = {
			isa = PBXResourcesBuildPhase;
			buildActionMask = 2147483647;
			files = (
				1BA0315C1C89422A0099D61C /* LaunchScreen.storyboard in Resources */,
				1BA031591C89422A0099D61C /* Assets.xcassets in Resources */,
				1BA031571C89422A0099D61C /* Main.storyboard in Resources */,
			);
			runOnlyForDeploymentPostprocessing = 0;
		};
/* End PBXResourcesBuildPhase section */

/* Begin PBXSourcesBuildPhase section */
		1BA0314A1C89422A0099D61C /* Sources */ = {
			isa = PBXSourcesBuildPhase;
			buildActionMask = 2147483647;
			files = (
				1BA031541C89422A0099D61C /* ViewController.swift in Sources */,
				1BA031521C89422A0099D61C /* AppDelegate.swift in Sources */,
				1BE359921C895025001925A0 /* DetailVC.swift in Sources */,
			);
			runOnlyForDeploymentPostprocessing = 0;
		};
/* End PBXSourcesBuildPhase section */

/* Begin PBXVariantGroup section */
		1BA031551C89422A0099D61C /* Main.storyboard */ = {
			isa = PBXVariantGroup;
			children = (
				1BA031561C89422A0099D61C /* Base */,
			);
			name = Main.storyboard;
			sourceTree = "<group>";
		};
		1BA0315A1C89422A0099D61C /* LaunchScreen.storyboard */ = {
			isa = PBXVariantGroup;
			children = (
				1BA0315B1C89422A0099D61C /* Base */,
			);
			name = LaunchScreen.storyboard;
			sourceTree = "<group>";
		};
/* End PBXVariantGroup section */

/* Begin XCBuildConfiguration section */
		1BA0315E1C89422A0099D61C /* Debug */ = {
			isa = XCBuildConfiguration;
			buildSettings = {
				ALWAYS_SEARCH_USER_PATHS = NO;
				CLANG_CXX_LANGUAGE_STANDARD = "gnu++0x";
				CLANG_CXX_LIBRARY = "libc++";
				CLANG_ENABLE_MODULES = YES;
				CLANG_ENABLE_OBJC_ARC = YES;
				CLANG_WARN_BOOL_CONVERSION = YES;
				CLANG_WARN_CONSTANT_CONVERSION = YES;
				CLANG_WARN_DIRECT_OBJC_ISA_USAGE = YES_ERROR;
				CLANG_WARN_EMPTY_BODY = YES;
				CLANG_WARN_ENUM_CONVERSION = YES;
				CLANG_WARN_INT_CONVERSION = YES;
				CLANG_WARN_OBJC_ROOT_CLASS = YES_ERROR;
				CLANG_WARN_UNREACHABLE_CODE = YES;
				CLANG_WARN__DUPLICATE_METHOD_MATCH = YES;
				"CODE_SIGN_IDENTITY[sdk=iphoneos*]" = "iPhone Developer";
				COPY_PHASE_STRIP = NO;
				DEBUG_INFORMATION_FORMAT = dwarf;
				ENABLE_STRICT_OBJC_MSGSEND = YES;
				ENABLE_TESTABILITY = YES;
				GCC_C_LANGUAGE_STANDARD = gnu99;
				GCC_DYNAMIC_NO_PIC = NO;
				GCC_NO_COMMON_BLOCKS = YES;
				GCC_OPTIMIZATION_LEVEL = 0;
				GCC_PREPROCESSOR_DEFINITIONS = (
					"DEBUG=1",
					"$(inherited)",
				);
				GCC_WARN_64_TO_32_BIT_CONVERSION = YES;
				GCC_WARN_ABOUT_RETURN_TYPE = YES_ERROR;
				GCC_WARN_UNDECLARED_SELECTOR = YES;
				GCC_WARN_UNINITIALIZED_AUTOS = YES_AGGRESSIVE;
				GCC_WARN_UNUSED_FUNCTION = YES;
				GCC_WARN_UNUSED_VARIABLE = YES;
				IPHONEOS_DEPLOYMENT_TARGET = 9.2;
				MTL_ENABLE_DEBUG_INFO = YES;
				ONLY_ACTIVE_ARCH = YES;
				SDKROOT = iphoneos;
				SWIFT_OPTIMIZATION_LEVEL = "-Onone";
				TARGETED_DEVICE_FAMILY = "1,2";
			};
			name = Debug;
		};
		1BA0315F1C89422A0099D61C /* Release */ = {
			isa = XCBuildConfiguration;
			buildSettings = {
				ALWAYS_SEARCH_USER_PATHS = NO;
				CLANG_CXX_LANGUAGE_STANDARD = "gnu++0x";
				CLANG_CXX_LIBRARY = "libc++";
				CLANG_ENABLE_MODULES = YES;
				CLANG_ENABLE_OBJC_ARC = YES;
				CLANG_WARN_BOOL_CONVERSION = YES;
				CLANG_WARN_CONSTANT_CONVERSION = YES;
				CLANG_WARN_DIRECT_OBJC_ISA_USAGE = YES_ERROR;
				CLANG_WARN_EMPTY_BODY = YES;
				CLANG_WARN_ENUM_CONVERSION = YES;
				CLANG_WARN_INT_CONVERSION = YES;
				CLANG_WARN_OBJC_ROOT_CLASS = YES_ERROR;
				CLANG_WARN_UNREACHABLE_CODE = YES;
				CLANG_WARN__DUPLICATE_METHOD_MATCH = YES;
				"CODE_SIGN_IDENTITY[sdk=iphoneos*]" = "iPhone Developer";
				COPY_PHASE_STRIP = NO;
				DEBUG_INFORMATION_FORMAT = "dwarf-with-dsym";
				ENABLE_NS_ASSERTIONS = NO;
				ENABLE_STRICT_OBJC_MSGSEND = YES;
				GCC_C_LANGUAGE_STANDARD = gnu99;
				GCC_NO_COMMON_BLOCKS = YES;
				GCC_WARN_64_TO_32_BIT_CONVERSION = YES;
				GCC_WARN_ABOUT_RETURN_TYPE = YES_ERROR;
				GCC_WARN_UNDECLARED_SELECTOR = YES;
				GCC_WARN_UNINITIALIZED_AUTOS = YES_AGGRESSIVE;
				GCC_WARN_UNUSED_FUNCTION = YES;
				GCC_WARN_UNUSED_VARIABLE = YES;
				IPHONEOS_DEPLOYMENT_TARGET = 9.2;
				MTL_ENABLE_DEBUG_INFO = NO;
				SDKROOT = iphoneos;
				TARGETED_DEVICE_FAMILY = "1,2";
				VALIDATE_PRODUCT = YES;
			};
			name = Release;
		};
		1BA031611C89422A0099D61C /* Debug */ = {
			isa = XCBuildConfiguration;
			buildSettings = {
				ASSETCATALOG_COMPILER_APPICON_NAME = AppIcon;
				INFOPLIST_FILE = "favorite-place/Info.plist";
				LD_RUNPATH_SEARCH_PATHS = "$(inherited) @executable_path/Frameworks";
				PRODUCT_BUNDLE_IDENTIFIER = "com.dev.favorite-place";
				PRODUCT_NAME = "$(TARGET_NAME)";
			};
			name = Debug;
		};
		1BA031621C89422A0099D61C /* Release */ = {
			isa = XCBuildConfiguration;
			buildSettings = {
				ASSETCATALOG_COMPILER_APPICON_NAME = AppIcon;
				INFOPLIST_FILE = "favorite-place/Info.plist";
				LD_RUNPATH_SEARCH_PATHS = "$(inherited) @executable_path/Frameworks";
				PRODUCT_BUNDLE_IDENTIFIER = "com.dev.favorite-place";
				PRODUCT_NAME = "$(TARGET_NAME)";
			};
			name = Release;
		};
/* End XCBuildConfiguration section */

/* Begin XCConfigurationList section */
		1BA031491C8942290099D61C /* Build configuration list for PBXProject "favorite-place" */ = {
			isa = XCConfigurationList;
			buildConfigurations = (
				1BA0315E1C89422A0099D61C /* Debug */,
				1BA0315F1C89422A0099D61C /* Release */,
			);
			defaultConfigurationIsVisible = 0;
			defaultConfigurationName = Release;
		};
		1BA031601C89422A0099D61C /* Build configuration list for PBXNativeTarget "favorite-place" */ = {
			isa = XCConfigurationList;
			buildConfigurations = (
				1BA031611C89422A0099D61C /* Debug */,
				1BA031621C89422A0099D61C /* Release */,
			);
			defaultConfigurationIsVisible = 0;
			defaultConfigurationName = Release;
		};
/* End XCConfigurationList section */
	};
	rootObject = 1BA031461C8942290099D61C /* Project object */;
}
